
Microsoft Visual Studio Solution File, Format Version 12.00
# Visual Studio 15
VisualStudioVersion = 15.0.27703.2035
MinimumVisualStudioVersion = 10.0.40219.1
Project("{9A19103F-16F7-4668-BE54-9A1E7A4F7556}") = "Way.Testes", "Way.Testes\Way.Testes.csproj", "{DC5CF25E-91F0-4538-943F-E1F669E6378F}"
EndProject
Project("{9A19103F-16F7-4668-BE54-9A1E7A4F7556}") = "Way.Domain", "Way.Domain\Way.Domain.csproj", "{06025B29-3738-460D-92EE-68097AF844B5}"
EndProject
Project("{9A19103F-16F7-4668-BE54-9A1E7A4F7556}") = "Way.infra", "Way.infra\Way.infra.csproj", "{8765B1DD-D8F2-4EDB-BA5F-3B499A0820DE}"
EndProject
Project("{9A19103F-16F7-4668-BE54-9A1E7A4F7556}") = "Way", "Way\Way.csproj", "{35712AA0-1BF1-419C-BAA7-461E2A655B85}"
EndProject
Global
	GlobalSection(SolutionConfigurationPlatforms) = preSolution
		Debug|Any CPU = Debug|Any CPU
		Debug|x64 = Debug|x64
		Release|Any CPU = Release|Any CPU
		Release|x64 = Release|x64
	EndGlobalSection
	GlobalSection(ProjectConfigurationPlatforms) = postSolution
		{DC5CF25E-91F0-4538-943F-E1F669E6378F}.Debug|Any CPU.ActiveCfg = Debug|Any CPU
		{DC5CF25E-91F0-4538-943F-E1F669E6378F}.Debug|Any CPU.Build.0 = Debug|Any CPU
		{DC5CF25E-91F0-4538-943F-E1F669E6378F}.Debug|x64.ActiveCfg = Debug|Any CPU
		{DC5CF25E-91F0-4538-943F-E1F669E6378F}.Debug|x64.Build.0 = Debug|Any CPU
		{DC5CF25E-91F0-4538-943F-E1F669E6378F}.Release|Any CPU.ActiveCfg = Release|Any CPU
		{DC5CF25E-91F0-4538-943F-E1F669E6378F}.Release|Any CPU.Build.0 = Release|Any CPU
		{DC5CF25E-91F0-4538-943F-E1F669E6378F}.Release|x64.ActiveCfg = Release|Any CPU
		{DC5CF25E-91F0-4538-943F-E1F669E6378F}.Release|x64.Build.0 = Release|Any CPU
		{06025B29-3738-460D-92EE-68097AF844B5}.Debug|Any CPU.ActiveCfg = Debug|Any CPU
		{06025B29-3738-460D-92EE-68097AF844B5}.Debug|Any CPU.Build.0 = Debug|Any CPU
		{06025B29-3738-460D-92EE-68097AF844B5}.Debug|x64.ActiveCfg = Debug|Any CPU
		{06025B29-3738-460D-92EE-68097AF844B5}.Debug|x64.Build.0 = Debug|Any CPU
		{06025B29-3738-460D-92EE-68097AF844B5}.Release|Any CPU.ActiveCfg = Release|Any CPU
		{06025B29-3738-460D-92EE-68097AF844B5}.Release|Any CPU.Build.0 = Release|Any CPU
		{06025B29-3738-460D-92EE-68097AF844B5}.Release|x64.ActiveCfg = Release|Any CPU
		{06025B29-3738-460D-92EE-68097AF844B5}.Release|x64.Build.0 = Release|Any CPU
		{8765B1DD-D8F2-4EDB-BA5F-3B499A0820DE}.Debug|Any CPU.ActiveCfg = Debug|Any CPU
		{8765B1DD-D8F2-4EDB-BA5F-3B499A0820DE}.Debug|Any CPU.Build.0 = Debug|Any CPU
		{8765B1DD-D8F2-4EDB-BA5F-3B499A0820DE}.Debug|x64.ActiveCfg = Debug|Any CPU
		{8765B1DD-D8F2-4EDB-BA5F-3B499A0820DE}.Debug|x64.Build.0 = Debug|Any CPU
		{8765B1DD-D8F2-4EDB-BA5F-3B499A0820DE}.Release|Any CPU.ActiveCfg = Release|Any CPU
		{8765B1DD-D8F2-4EDB-BA5F-3B499A0820DE}.Release|Any CPU.Build.0 = Release|Any CPU
		{8765B1DD-D8F2-4EDB-BA5F-3B499A0820DE}.Release|x64.ActiveCfg = Release|Any CPU
		{8765B1DD-D8F2-4EDB-BA5F-3B499A0820DE}.Release|x64.Build.0 = Release|Any CPU
		{35712AA0-1BF1-419C-BAA7-461E2A655B85}.Debug|Any CPU.ActiveCfg = Debug|Any CPU
		{35712AA0-1BF1-419C-BAA7-461E2A655B85}.Debug|Any CPU.Build.0 = Debug|Any CPU
		{35712AA0-1BF1-419C-BAA7-461E2A655B85}.Debug|x64.ActiveCfg = Debug|x64
		{35712AA0-1BF1-419C-BAA7-461E2A655B85}.Debug|x64.Build.0 = Debug|x64
		{35712AA0-1BF1-419C-BAA7-461E2A655B85}.Release|Any CPU.ActiveCfg = Release|Any CPU
		{35712AA0-1BF1-419C-BAA7-461E2A655B85}.Release|Any CPU.Build.0 = Release|Any CPU
		{35712AA0-1BF1-419C-BAA7-461E2A655B85}.Release|x64.ActiveCfg = Release|x64
		{35712AA0-1BF1-419C-BAA7-461E2A655B85}.Release|x64.Build.0 = Release|x64
	EndGlobalSection
	GlobalSection(SolutionProperties) = preSolution
		HideSolutionNode = FALSE
	EndGlobalSection
	GlobalSection(ExtensibilityGlobals) = postSolution
		SolutionGuid = {57006225-E7CA-4CDC-B01E-48D3BE280B58}
	EndGlobalSection
EndGlobal
